{
  "name": "sonic-atom",
  "version": "0.0.0",
  "lockfileVersion": 1,
  "requires": true,
  "dependencies": {
    "async-limiter": {
      "version": "1.0.0",
      "resolved": "https://registry.npmjs.org/async-limiter/-/async-limiter-1.0.0.tgz",
      "integrity": "sha512-jp/uFnooOiO+L211eZOoSyzpOITMXx1rBITauYykG3BRYPu8h0UcxsPNB04RR5vo4Tyz3+ay17tR6JVf9qzYWg=="
    },
    "long": {
      "version": "4.0.0",
      "resolved": "https://registry.npmjs.org/long/-/long-4.0.0.tgz",
      "integrity": "sha512-XsP+KhQif4bjX1kbuSiySJFNAehNxgLb6hPRGJ9QsUr8ajHkuXGdrHmFUTUUXhDwVX2R5bY4JNZEwbUiMhV+MA=="
    },
    "osc": {
      "version": "git://github.com/rtalwar26/osc.js.git#3011ba79729de969d786d3567fe38edb4011b5e7",
      "requires": {
        "long": "4.0.0",
        "slip": "1.0.2",
        "wolfy87-eventemitter": "5.2.4",
        "ws": "5.1.1"
      }
    },
    "slip": {
      "version": "1.0.2",
      "resolved": "https://registry.npmjs.org/slip/-/slip-1.0.2.tgz",
      "integrity": "sha1-ukWpIwNNbPQbGieuvnEoKCyNVR8="
    },
    "wolfy87-eventemitter": {
      "version": "5.2.4",
      "resolved": "https://registry.npmjs.org/wolfy87-eventemitter/-/wolfy87-eventemitter-5.2.4.tgz",
      "integrity": "sha512-yUOUSIzZxqBeu6VdnigqYHwwjy5N3CRX5XSHh/YcVpy+Qsx+HkHaEWdmdyAr3NvyBYDraOa5EfNIbu47T5QzIA=="
    },
    "ws": {
      "version": "5.1.1",
      "resolved": "https://registry.npmjs.org/ws/-/ws-5.1.1.tgz",
      "integrity": "sha512-bOusvpCb09TOBLbpMKszd45WKC2KPtxiyiHanv+H2DE3Az+1db5a/L7sVJZVDPUC1Br8f0SKRr1KjLpD1U/IAw==",
      "requires": {
        "async-limiter": "1.0.0"
      }
    }
  }
}
